
Microsoft Visual Studio Solution File, Format Version 12.00
# Visual Studio Version 16
VisualStudioVersion = 16.0.35931.194
MinimumVisualStudioVersion = 10.0.40219.1
Project("{8BC9CEB8-8B4A-11D0-8D11-00A0C91BC942}") = "LabTest", "LabTest.vcxproj", "{00ECD032-3771-4D6B-868B-89AB38651A20}"
EndProject
Global
	GlobalSection(SolutionConfigurationPlatforms) = preSolution
		Debug|x64 = Debug|x64
		Debug|x86 = Debug|x86
		Release|x64 = Release|x64
		Release|x86 = Release|x86
	EndGlobalSection
	GlobalSection(ProjectConfigurationPlatforms) = postSolution
		{00ECD032-3771-4D6B-868B-89AB38651A20}.Debug|x64.ActiveCfg = Debug|x64
		{00ECD032-3771-4D6B-868B-89AB38651A20}.Debug|x64.Build.0 = Debug|x64
		{00ECD032-3771-4D6B-868B-89AB38651A20}.Debug|x86.ActiveCfg = Debug|Win32
		{00ECD032-3771-4D6B-868B-89AB38651A20}.Debug|x86.Build.0 = Debug|Win32
		{00ECD032-3771-4D6B-868B-89AB38651A20}.Release|x64.ActiveCfg = Release|x64
		{00ECD032-3771-4D6B-868B-89AB38651A20}.Release|x64.Build.0 = Release|x64
		{00ECD032-3771-4D6B-868B-89AB38651A20}.Release|x86.ActiveCfg = Release|Win32
		{00ECD032-3771-4D6B-868B-89AB38651A20}.Release|x86.Build.0 = Release|Win32
	EndGlobalSection
	GlobalSection(SolutionProperties) = preSolution
		HideSolutionNode = FALSE
	EndGlobalSection
	GlobalSection(ExtensibilityGlobals) = postSolution
		SolutionGuid = {4BF85902-3CE7-4956-A016-85DA94124F0A}
	EndGlobalSection
EndGlobal
